
Microsoft Visual Studio Solution File, Format Version 12.00
# Visual Studio Version 17
VisualStudioVersion = 17.6.33829.357
MinimumVisualStudioVersion = 10.0.40219.1
Project("{FAE04EC0-301F-11D3-BF4B-00C04F79EFBC}") = "ToDoList", "ToDoList\ToDoList.csproj", "{B62D626D-A3AF-4922-B77B-869C2A66C4C1}"
EndProject
Global
	GlobalSection(SolutionConfigurationPlatforms) = preSolution
		Debug|Any CPU = Debug|Any CPU
		Release|Any CPU = Release|Any CPU
	EndGlobalSection
	GlobalSection(ProjectConfigurationPlatforms) = postSolution
		{B62D626D-A3AF-4922-B77B-869C2A66C4C1}.Debug|Any CPU.ActiveCfg = Debug|Any CPU
		{B62D626D-A3AF-4922-B77B-869C2A66C4C1}.Debug|Any CPU.Build.0 = Debug|Any CPU
		{B62D626D-A3AF-4922-B77B-869C2A66C4C1}.Release|Any CPU.ActiveCfg = Release|Any CPU
		{B62D626D-A3AF-4922-B77B-869C2A66C4C1}.Release|Any CPU.Build.0 = Release|Any CPU
	EndGlobalSection
	GlobalSection(SolutionProperties) = preSolution
		HideSolutionNode = FALSE
	EndGlobalSection
	GlobalSection(ExtensibilityGlobals) = postSolution
		SolutionGuid = {34A0B286-6654-41DC-9664-A7469464C8D5}
	EndGlobalSection
EndGlobal
